// !$*UTF8*$!
{
	archiveVersion = 1;
	classes = {
	};
	objectVersion = 48;
	objects = {

/* Begin PBXBuildFile section */
		35EF06191FC0624F00027DF4 /* AppDelegate.m in Sources */ = {isa = PBXBuildFile; fileRef = 35EF06181FC0624F00027DF4 /* AppDelegate.m */; };
		35EF061C1FC0624F00027DF4 /* ViewController.m in Sources */ = {isa = PBXBuildFile; fileRef = 35EF061B1FC0624F00027DF4 /* ViewController.m */; };
		35EF061F1FC0624F00027DF4 /* Main.storyboard in Resources */ = {isa = PBXBuildFile; fileRef = 35EF061D1FC0624F00027DF4 /* Main.storyboard */; };
		35EF06211FC0624F00027DF4 /* Assets.xcassets in Resources */ = {isa = PBXBuildFile; fileRef = 35EF06201FC0624F00027DF4 /* Assets.xcassets */; };
		35EF06241FC0624F00027DF4 /* LaunchScreen.storyboard in Resources */ = {isa = PBXBuildFile; fileRef = 35EF06221FC0624F00027DF4 /* LaunchScreen.storyboard */; };
		35EF06271FC0624F00027DF4 /* main.m in Sources */ = {isa = PBXBuildFile; fileRef = 35EF06261FC0624F00027DF4 /* main.m */; };
/* End PBXBuildFile section */

/* Begin PBXFileReference section */
		35EF06141FC0624F00027DF4 /* 1_Hello.app */ = {isa = PBXFileReference; explicitFileType = wrapper.application; includeInIndex = 0; path = 1_Hello.app; sourceTree = BUILT_PRODUCTS_DIR; };
		35EF06171FC0624F00027DF4 /* AppDelegate.h */ = {isa = PBXFileReference; lastKnownFileType = sourcecode.c.h; path = AppDelegate.h; sourceTree = "<group>"; };
		35EF06181FC0624F00027DF4 /* AppDelegate.m */ = {isa = PBXFileReference; lastKnownFileType = sourcecode.c.objc; path = AppDelegate.m; sourceTree = "<group>"; };
		35EF061A1FC0624F00027DF4 /* ViewController.h */ = {isa = PBXFileReference; lastKnownFileType = sourcecode.c.h; path = ViewController.h; sourceTree = "<group>"; };
		35EF061B1FC0624F00027DF4 /* ViewController.m */ = {isa = PBXFileReference; lastKnownFileType = sourcecode.c.objc; path = ViewController.m; sourceTree = "<group>"; };
		35EF061E1FC0624F00027DF4 /* Base */ = {isa = PBXFileReference; lastKnownFileType = file.storyboard; name = Base; path = Base.lproj/Main.storyboard; sourceTree = "<group>"; };
		35EF06201FC0624F00027DF4 /* Assets.xcassets */ = {isa = PBXFileReference; lastKnownFileType = folder.assetcatalog; path = Assets.xcassets; sourceTree = "<group>"; };
		35EF06231FC0624F00027DF4 /* Base */ = {isa = PBXFileReference; lastKnownFileType = file.storyboard; name = Base; path = Base.lproj/LaunchScreen.storyboard; sourceTree = "<group>"; };
		35EF06251FC0624F00027DF4 /* Info.plist */ = {isa = PBXFileReference; lastKnownFileType = text.plist.xml; path = Info.plist; sourceTree = "<group>"; };
		35EF06261FC0624F00027DF4 /* main.m */ = {isa = PBXFileReference; lastKnownFileType = sourcecode.c.objc; path = main.m; sourceTree = "<group>"; };
/* End PBXFileReference section */

/* Begin PBXFrameworksBuildPhase section */
		35EF06111FC0624F00027DF4 /* Frameworks */ = {
			isa = PBXFrameworksBuildPhase;
			buildActionMask = 2147483647;
			files = (
			);
			runOnlyForDeploymentPostprocessing = 0;
		};
/* End PBXFrameworksBuildPhase section */

/* Begin PBXGroup section */
		35EF060B1FC0624F00027DF4 = {
			isa = PBXGroup;
			children = (
				35EF06161FC0624F00027DF4 /* 1_Hello */,
				35EF06151FC0624F00027DF4 /* Products */,
			);
			sourceTree = "<group>";
		};
		35EF06151FC0624F00027DF4 /* Products */ = {
			isa = PBXGroup;
			children = (
				35EF06141FC0624F00027DF4 /* 1_Hello.app */,
			);
			name = Products;
			sourceTree = "<group>";
		};
		35EF06161FC0624F00027DF4 /* 1_Hello */ = {
			isa = PBXGroup;
			children = (
				35EF062E1FC0629A00027DF4 /* Universal */,
				35EF062D1FC0627400027DF4 /* AppFiles */,
				35EF061D1FC0624F00027DF4 /* Main.storyboard */,
				35EF06201FC0624F00027DF4 /* Assets.xcassets */,
				35EF06221FC0624F00027DF4 /* LaunchScreen.storyboard */,
				35EF06251FC0624F00027DF4 /* Info.plist */,
			);
			path = 1_Hello;
			sourceTree = "<group>";
		};
		35EF062D1FC0627400027DF4 /* AppFiles */ = {
			isa = PBXGroup;
			children = (
				35EF06261FC0624F00027DF4 /* main.m */,
				35EF06171FC0624F00027DF4 /* AppDelegate.h */,
				35EF06181FC0624F00027DF4 /* AppDelegate.m */,
			);
			path = AppFiles;
			sourceTree = "<group>";
		};
		35EF062E1FC0629A00027DF4 /* Universal */ = {
			isa = PBXGroup;
			children = (
				35EF061A1FC0624F00027DF4 /* ViewController.h */,
				35EF061B1FC0624F00027DF4 /* ViewController.m */,
			);
			path = Universal;
			sourceTree = "<group>";
		};
/* End PBXGroup section */

/* Begin PBXNativeTarget section */
		35EF06131FC0624F00027DF4 /* 1_Hello */ = {
			isa = PBXNativeTarget;
			buildConfigurationList = 35EF062A1FC0624F00027DF4 /* Build configuration list for PBXNativeTarget "1_Hello" */;
			buildPhases = (
				35EF06101FC0624F00027DF4 /* Sources */,
				35EF06111FC0624F00027DF4 /* Frameworks */,
				35EF06121FC0624F00027DF4 /* Resources */,
			);
			buildRules = (
			);
			dependencies = (
			);
			name = 1_Hello;
			productName = 1_Hello;
			productReference = 35EF06141FC0624F00027DF4 /* 1_Hello.app */;
			productType = "com.apple.product-type.application";
		};
/* End PBXNativeTarget section */

/* Begin PBXProject section */
		35EF060C1FC0624F00027DF4 /* Project object */ = {
			isa = PBXProject;
			attributes = {
				LastUpgradeCheck = 0900;
				ORGANIZATIONNAME = "Karthick C";
				TargetAttributes = {
					35EF06131FC0624F00027DF4 = {
						CreatedOnToolsVersion = 9.0;
						ProvisioningStyle = Automatic;
					};
				};
			};
			buildConfigurationList = 35EF060F1FC0624F00027DF4 /* Build configuration list for PBXProject "1_Hello" */;
			compatibilityVersion = "Xcode 8.0";
			developmentRegion = en;
			hasScannedForEncodings = 0;
			knownRegions = (
				en,
				Base,
			);
			mainGroup = 35EF060B1FC0624F00027DF4;
			productRefGroup = 35EF06151FC0624F00027DF4 /* Products */;
			projectDirPath = "";
			projectRoot = "";
			targets = (
				35EF06131FC0624F00027DF4 /* 1_Hello */,
			);
		};
/* End PBXProject section */

/* Begin PBXResourcesBuildPhase section */
		35EF06121FC0624F00027DF4 /* Resources */ = {
			isa = PBXResourcesBuildPhase;
			buildActionMask = 2147483647;
			files = (
				35EF06241FC0624F00027DF4 /* LaunchScreen.storyboard in Resources */,
				35EF06211FC0624F00027DF4 /* Assets.xcassets in Resources */,
				35EF061F1FC0624F00027DF4 /* Main.storyboard in Resources */,
			);
			runOnlyForDeploymentPostprocessing = 0;
		};
/* End PBXResourcesBuildPhase section */

/* Begin PBXSourcesBuildPhase section */
		35EF06101FC0624F00027DF4 /* Sources */ = {
			isa = PBXSourcesBuildPhase;
			buildActionMask = 2147483647;
			files = (
				35EF061C1FC0624F00027DF4 /* ViewController.m in Sources */,
				35EF06271FC0624F00027DF4 /* main.m in Sources */,
				35EF06191FC0624F00027DF4 /* AppDelegate.m in Sources */,
			);
			runOnlyForDeploymentPostprocessing = 0;
		};
/* End PBXSourcesBuildPhase section */

/* Begin PBXVariantGroup section */
		35EF061D1FC0624F00027DF4 /* Main.storyboard */ = {
			isa = PBXVariantGroup;
			children = (
				35EF061E1FC0624F00027DF4 /* Base */,
			);
			name = Main.storyboard;
			sourceTree = "<group>";
		};
		35EF06221FC0624F00027DF4 /* LaunchScreen.storyboard */ = {
			isa = PBXVariantGroup;
			children = (
				35EF06231FC0624F00027DF4 /* Base */,
			);
			name = LaunchScreen.storyboard;
			sourceTree = "<group>";
		};
/* End PBXVariantGroup section */

/* Begin XCBuildConfiguration section */
		35EF06281FC0624F00027DF4 /* Debug */ = {
			isa = XCBuildConfiguration;
			buildSettings = {
				ALWAYS_SEARCH_USER_PATHS = NO;
				CLANG_ANALYZER_NONNULL = YES;
				CLANG_ANALYZER_NUMBER_OBJECT_CONVERSION = YES_AGGRESSIVE;
				CLANG_CXX_LANGUAGE_STANDARD = "gnu++14";
				CLANG_CXX_LIBRARY = "libc++";
				CLANG_ENABLE_MODULES = YES;
				CLANG_ENABLE_OBJC_ARC = YES;
				CLANG_WARN_BLOCK_CAPTURE_AUTORELEASING = YES;
				CLANG_WARN_BOOL_CONVERSION = YES;
				CLANG_WARN_COMMA = YES;
				CLANG_WARN_CONSTANT_CONVERSION = YES;
				CLANG_WARN_DIRECT_OBJC_ISA_USAGE = YES_ERROR;
				CLANG_WARN_DOCUMENTATION_COMMENTS = YES;
				CLANG_WARN_EMPTY_BODY = YES;
				CLANG_WARN_ENUM_CONVERSION = YES;
				CLANG_WARN_INFINITE_RECURSION = YES;
				CLANG_WARN_INT_CONVERSION = YES;
				CLANG_WARN_NON_LITERAL_NULL_CONVERSION = YES;
				CLANG_WARN_OBJC_LITERAL_CONVERSION = YES;
				CLANG_WARN_OBJC_ROOT_CLASS = YES_ERROR;
				CLANG_WARN_RANGE_LOOP_ANALYSIS = YES;
				CLANG_WARN_STRICT_PROTOTYPES = YES;
				CLANG_WARN_SUSPICIOUS_MOVE = YES;
				CLANG_WARN_UNGUARDED_AVAILABILITY = YES_AGGRESSIVE;
				CLANG_WARN_UNREACHABLE_CODE = YES;
				CLANG_WARN__DUPLICATE_METHOD_MATCH = YES;
				CODE_SIGN_IDENTITY = "iPhone Developer";
				COPY_PHASE_STRIP = NO;
				DEBUG_INFORMATION_FORMAT = dwarf;
				ENABLE_STRICT_OBJC_MSGSEND = YES;
				ENABLE_TESTABILITY = YES;
				GCC_C_LANGUAGE_STANDARD = gnu11;
				GCC_DYNAMIC_NO_PIC = NO;
				GCC_NO_COMMON_BLOCKS = YES;
				GCC_OPTIMIZATION_LEVEL = 0;
				GCC_PREPROCESSOR_DEFINITIONS = (
					"DEBUG=1",
					"$(inherited)",
				);
				GCC_WARN_64_TO_32_BIT_CONVERSION = YES;
				GCC_WARN_ABOUT_RETURN_TYPE = YES_ERROR;
				GCC_WARN_UNDECLARED_SELECTOR = YES;
				GCC_WARN_UNINITIALIZED_AUTOS = YES_AGGRESSIVE;
				GCC_WARN_UNUSED_FUNCTION = YES;
				GCC_WARN_UNUSED_VARIABLE = YES;
				IPHONEOS_DEPLOYMENT_TARGET = 11.0;
				MTL_ENABLE_DEBUG_INFO = YES;
				ONLY_ACTIVE_ARCH = YES;
				SDKROOT = iphoneos;
			};
			name = Debug;
		};
		35EF06291FC0624F00027DF4 /* Release */ = {
			isa = XCBuildConfiguration;
			buildSettings = {
				ALWAYS_SEARCH_USER_PATHS = NO;
				CLANG_ANALYZER_NONNULL = YES;
				CLANG_ANALYZER_NUMBER_OBJECT_CONVERSION = YES_AGGRESSIVE;
				CLANG_CXX_LANGUAGE_STANDARD = "gnu++14";
				CLANG_CXX_LIBRARY = "libc++";
				CLANG_ENABLE_MODULES = YES;
				CLANG_ENABLE_OBJC_ARC = YES;
				CLANG_WARN_BLOCK_CAPTURE_AUTORELEASING = YES;
				CLANG_WARN_BOOL_CONVERSION = YES;
				CLANG_WARN_COMMA = YES;
				CLANG_WARN_CONSTANT_CONVERSION = YES;
				CLANG_WARN_DIRECT_OBJC_ISA_USAGE = YES_ERROR;
				CLANG_WARN_DOCUMENTATION_COMMENTS = YES;
				CLANG_WARN_EMPTY_BODY = YES;
				CLANG_WARN_ENUM_CONVERSION = YES;
				CLANG_WARN_INFINITE_RECURSION = YES;
				CLANG_WARN_INT_CONVERSION = YES;
				CLANG_WARN_NON_LITERAL_NULL_CONVERSION = YES;
				CLANG_WARN_OBJC_LITERAL_CONVERSION = YES;
				CLANG_WARN_OBJC_ROOT_CLASS = YES_ERROR;
				CLANG_WARN_RANGE_LOOP_ANALYSIS = YES;
				CLANG_WARN_STRICT_PROTOTYPES = YES;
				CLANG_WARN_SUSPICIOUS_MOVE = YES;
				CLANG_WARN_UNGUARDED_AVAILABILITY = YES_AGGRESSIVE;
				CLANG_WARN_UNREACHABLE_CODE = YES;
				CLANG_WARN__DUPLICATE_METHOD_MATCH = YES;
				CODE_SIGN_IDENTITY = "iPhone Developer";
				COPY_PHASE_STRIP = NO;
				DEBUG_INFORMATION_FORMAT = "dwarf-with-dsym";
				ENABLE_NS_ASSERTIONS = NO;
				ENABLE_STRICT_OBJC_MSGSEND = YES;
				GCC_C_LANGUAGE_STANDARD = gnu11;
				GCC_NO_COMMON_BLOCKS = YES;
				GCC_WARN_64_TO_32_BIT_CONVERSION = YES;
				GCC_WARN_ABOUT_RETURN_TYPE = YES_ERROR;
				GCC_WARN_UNDECLARED_SELECTOR = YES;
				GCC_WARN_UNINITIALIZED_AUTOS = YES_AGGRESSIVE;
				GCC_WARN_UNUSED_FUNCTION = YES;
				GCC_WARN_UNUSED_VARIABLE = YES;
				IPHONEOS_DEPLOYMENT_TARGET = 11.0;
				MTL_ENABLE_DEBUG_INFO = NO;
				SDKROOT = iphoneos;
				VALIDATE_PRODUCT = YES;
			};
			name = Release;
		};
		35EF062B1FC0624F00027DF4 /* Debug */ = {
			isa = XCBuildConfiguration;
			buildSettings = {
				ASSETCATALOG_COMPILER_APPICON_NAME = AppIcon;
				CODE_SIGN_STYLE = Automatic;
				INFOPLIST_FILE = 1_Hello/Info.plist;
				LD_RUNPATH_SEARCH_PATHS = "$(inherited) @executable_path/Frameworks";
				PRODUCT_BUNDLE_IDENTIFIER = "com.kar.--Hello";
				PRODUCT_NAME = "$(TARGET_NAME)";
				TARGETED_DEVICE_FAMILY = "1,2";
			};
			name = Debug;
		};
		35EF062C1FC0624F00027DF4 /* Release */ = {
			isa = XCBuildConfiguration;
			buildSettings = {
				ASSETCATALOG_COMPILER_APPICON_NAME = AppIcon;
				CODE_SIGN_STYLE = Automatic;
				INFOPLIST_FILE = 1_Hello/Info.plist;
				LD_RUNPATH_SEARCH_PATHS = "$(inherited) @executable_path/Frameworks";
				PRODUCT_BUNDLE_IDENTIFIER = "com.kar.--Hello";
				PRODUCT_NAME = "$(TARGET_NAME)";
				TARGETED_DEVICE_FAMILY = "1,2";
			};
			name = Release;
		};
/* End XCBuildConfiguration section */

/* Begin XCConfigurationList section */
		35EF060F1FC0624F00027DF4 /* Build configuration list for PBXProject "1_Hello" */ = {
			isa = XCConfigurationList;
			buildConfigurations = (
				35EF06281FC0624F00027DF4 /* Debug */,
				35EF06291FC0624F00027DF4 /* Release */,
			);
			defaultConfigurationIsVisible = 0;
			defaultConfigurationName = Release;
		};
		35EF062A1FC0624F00027DF4 /* Build configuration list for PBXNativeTarget "1_Hello" */ = {
			isa = XCConfigurationList;
			buildConfigurations = (
				35EF062B1FC0624F00027DF4 /* Debug */,
				35EF062C1FC0624F00027DF4 /* Release */,
			);
			defaultConfigurationIsVisible = 0;
			defaultConfigurationName = Release;
		};
/* End XCConfigurationList section */
	};
	rootObject = 35EF060C1FC0624F00027DF4 /* Project object */;
}
